
Microsoft Visual Studio Solution File, Format Version 12.00
# Visual Studio Version 17
VisualStudioVersion = 17.1.32210.238
MinimumVisualStudioVersion = 10.0.40219.1
Project("{9A19103F-16F7-4668-BE54-9A1E7A4F7556}") = "HtmlKit", "HtmlKit\HtmlKit.csproj", "{EC9375DB-DB92-45C3-AB85-37B78EC4FD2E}"
EndProject
Project("{9A19103F-16F7-4668-BE54-9A1E7A4F7556}") = "CodeGenerator", "CodeGenerator\CodeGenerator.csproj", "{900EC5BC-32BB-4109-8268-5FE2B07B7616}"
EndProject
Project("{9A19103F-16F7-4668-BE54-9A1E7A4F7556}") = "UnitTests", "UnitTests\UnitTests.csproj", "{983A05E3-0188-4642-8315-EAAF8C17690F}"
EndProject
Project("{FAE04EC0-301F-11D3-BF4B-00C04F79EFBC}") = "ConsoleApp1", "ConsoleApp1\ConsoleApp1.csproj", "{82FFCA9B-3AB6-4C72-BF67-6DC7FD756B91}"
EndProject
Global
	GlobalSection(SolutionConfigurationPlatforms) = preSolution
		Debug|Any CPU = Debug|Any CPU
		Release|Any CPU = Release|Any CPU
	EndGlobalSection
	GlobalSection(ProjectConfigurationPlatforms) = postSolution
		{EC9375DB-DB92-45C3-AB85-37B78EC4FD2E}.Debug|Any CPU.ActiveCfg = Debug|Any CPU
		{EC9375DB-DB92-45C3-AB85-37B78EC4FD2E}.Debug|Any CPU.Build.0 = Debug|Any CPU
		{EC9375DB-DB92-45C3-AB85-37B78EC4FD2E}.Release|Any CPU.ActiveCfg = Release|Any CPU
		{EC9375DB-DB92-45C3-AB85-37B78EC4FD2E}.Release|Any CPU.Build.0 = Release|Any CPU
		{900EC5BC-32BB-4109-8268-5FE2B07B7616}.Debug|Any CPU.ActiveCfg = Debug|Any CPU
		{900EC5BC-32BB-4109-8268-5FE2B07B7616}.Debug|Any CPU.Build.0 = Debug|Any CPU
		{900EC5BC-32BB-4109-8268-5FE2B07B7616}.Release|Any CPU.ActiveCfg = Release|Any CPU
		{900EC5BC-32BB-4109-8268-5FE2B07B7616}.Release|Any CPU.Build.0 = Release|Any CPU
		{983A05E3-0188-4642-8315-EAAF8C17690F}.Debug|Any CPU.ActiveCfg = Debug|Any CPU
		{983A05E3-0188-4642-8315-EAAF8C17690F}.Debug|Any CPU.Build.0 = Debug|Any CPU
		{983A05E3-0188-4642-8315-EAAF8C17690F}.Release|Any CPU.ActiveCfg = Release|Any CPU
		{983A05E3-0188-4642-8315-EAAF8C17690F}.Release|Any CPU.Build.0 = Release|Any CPU
		{82FFCA9B-3AB6-4C72-BF67-6DC7FD756B91}.Debug|Any CPU.ActiveCfg = Debug|Any CPU
		{82FFCA9B-3AB6-4C72-BF67-6DC7FD756B91}.Debug|Any CPU.Build.0 = Debug|Any CPU
		{82FFCA9B-3AB6-4C72-BF67-6DC7FD756B91}.Release|Any CPU.ActiveCfg = Release|Any CPU
		{82FFCA9B-3AB6-4C72-BF67-6DC7FD756B91}.Release|Any CPU.Build.0 = Release|Any CPU
	EndGlobalSection
	GlobalSection(SolutionProperties) = preSolution
		HideSolutionNode = FALSE
	EndGlobalSection
	GlobalSection(ExtensibilityGlobals) = postSolution
		SolutionGuid = {832DAFB6-4947-4F3A-9822-DC00FBA5BC5B}
	EndGlobalSection
EndGlobal
